PODS:
  - AgoraRtcEngine_iOS (2.4.0.1)

DEPENDENCIES:
  - AgoraRtcEngine_iOS

SPEC REPOS:
  https://github.com/cocoapods/specs.git:
    - AgoraRtcEngine_iOS

SPEC CHECKSUMS:
  AgoraRtcEngine_iOS: be7eee187e0cf9bc67d67645cd0b75cd60b9503a

PODFILE CHECKSUM: d9a47bf4f2118dc621d156ee884e978f24c9d4ec

COCOAPODS: 1.7.1
